GEM
  remote: https://rubygems.org/
  specs:
    diff-lcs (1.6.2)
    nokogiri (1.19.4-arm64-darwin)
      racc (~> 1.4)
    racc (1.8.1)
    rspec (3.13.2)
      rspec-core (~> 3.13.0)
      rspec-expectations (~> 3.13.0)
      rspec-mocks (~> 3.13.0)
    rspec-core (3.13.6)
      rspec-support (~> 3.13.0)
    rspec-expectations (3.13.5)
      diff-lcs (>= 1.2.0, < 2.0)
      rspec-support (~> 3.13.0)
    rspec-mocks (3.13.8)
      diff-lcs (>= 1.2.0, < 2.0)
      rspec-support (~> 3.13.0)
    rspec-support (3.13.7)

PLATFORMS
  arm64-darwin

DEPENDENCIES
  nokogiri (~> 1.15)
  rspec (~> 3.12)

CHECKSUMS
  diff-lcs (1.6.2)
  nokogiri (1.19.4-arm64-darwin)
  racc (1.8.1)
  rspec (3.13.2)
  rspec-core (3.13.6)
  rspec-expectations (3.13.5)
  rspec-mocks (3.13.8)
  rspec-support (3.13.7)

BUNDLED WITH
  4.0.10
